{
  "name": "hippo_text",
  "lockfileVersion": 2,
  "requires": true,
  "packages": {
    "": {
      "name": "hippo_text",
      "dependencies": {
        "@tauri-apps/api": "^1.0.0-rc.5"
      },
      "devDependencies": {
        "@tauri-apps/cli": "^1.0.0-rc.10"
      }
    },
    "node_modules/@tauri-apps/api": {
      "version": "1.0.0-rc.5",
      "resolved": "https://registry.npmjs.org/@tauri-apps/api/-/api-1.0.0-rc.5.tgz",
      "integrity": "sha512-IiQg7pLByl/W3KRx9Whn1EWh9ZrBojkl9FAgCRJ4//e58var1WmNPHA92YC0i0DLSIF0JLLp0EQKRHJa+aaqlQ==",
      "dependencies": {
        "type-fest": "2.12.2"
      },
      "engines": {
        "node": ">= 12.13.0",
        "npm": ">= 6.6.0",
        "yarn": ">= 1.19.1"
      },
      "funding": {
        "type": "opencollective",
        "url": "https://opencollective.com/tauri"
      }
    },
    "node_modules/@tauri-apps/cli": {
      "version": "1.0.0-rc.10",
      "resolved": "https://registry.npmjs.org/@tauri-apps/cli/-/cli-1.0.0-rc.10.tgz",
      "integrity": "sha512-njDei3F3mlnotnujUF0jWteZC39RCm6JNAxZpzTFvWKFI/650DoA9hHTMa6onbazVgmOWdrbMHYWU/xBC/jUTw==",
      "dev": true,
      "bin": {
        "tauri": "tauri.js"
      },
      "engines": {
        "node": ">= 10"
      },
      "funding": {
        "type": "opencollective",
        "url": "https://opencollective.com/tauri"
      },
      "optionalDependencies": {
        "@tauri-apps/cli-darwin-arm64": "1.0.0-rc.10",
        "@tauri-apps/cli-darwin-x64": "1.0.0-rc.10",
        "@tauri-apps/cli-linux-arm-gnueabihf": "1.0.0-rc.10",
        "@tauri-apps/cli-linux-arm64-gnu": "1.0.0-rc.10",
        "@tauri-apps/cli-linux-arm64-musl": "1.0.0-rc.10",
        "@tauri-apps/cli-linux-x64-gnu": "1.0.0-rc.10",
        "@tauri-apps/cli-linux-x64-musl": "1.0.0-rc.10",
        "@tauri-apps/cli-win32-ia32-msvc": "1.0.0-rc.10",
        "@tauri-apps/cli-win32-x64-msvc": "1.0.0-rc.10"
      }
    },
    "node_modules/@tauri-apps/cli-darwin-arm64": {
      "version": "1.0.0-rc.10",
      "resolved": "https://registry.npmjs.org/@tauri-apps/cli-darwin-arm64/-/cli-darwin-arm64-1.0.0-rc.10.tgz",
      "integrity": "sha512-KwnAAsR+H/U9NPF2P3UvZ0orfh/e8ng639GCvQoN/7b/EYzkLXYWGFd1sddTSSu8BM4OvIVXK1B86pn1xFohyg==",
      "cpu": [
        "arm64"
      ],
      "dev": true,
      "optional": true,
      "os": [
        "darwin"
      ],
      "engines": {
        "node": ">= 10"
      }
    },
    "node_modules/@tauri-apps/cli-darwin-x64": {
      "version": "1.0.0-rc.10",
      "resolved": "https://registry.npmjs.org/@tauri-apps/cli-darwin-x64/-/cli-darwin-x64-1.0.0-rc.10.tgz",
      "integrity": "sha512-xIH+UnZPofpx4n3aphu2SD45uPXtX3rlsI5aO0ANsDWN/esuAAwRnh+JR+NlmJXPKwy1BNz9pewczE5JO5BdqA==",
      "cpu": [
        "x64"
      ],
      "dev": true,
      "optional": true,
      "os": [
        "darwin"
      ],
      "engines": {
        "node": ">= 10"
      }
    },
    "node_modules/@tauri-apps/cli-linux-arm-gnueabihf": {
      "version": "1.0.0-rc.10",
      "resolved": "https://registry.npmjs.org/@tauri-apps/cli-linux-arm-gnueabihf/-/cli-linux-arm-gnueabihf-1.0.0-rc.10.tgz",
      "integrity": "sha512-j0cVDcP7MPyOh8mC6pTiOnsGgxMc4GFlQGBUvriRkWFCrUbZPbq1Pxt/eTcroVGsT/ItCXvnYd9jEQ+e50LI3A==",
      "cpu": [
        "arm"
      ],
      "dev": true,
      "optional": true,
      "os": [
        "linux"
      ],
      "engines": {
        "node": ">= 10"
      }
    },
    "node_modules/@tauri-apps/cli-linux-arm64-gnu": {
      "version": "1.0.0-rc.10",
      "resolved": "https://registry.npmjs.org/@tauri-apps/cli-linux-arm64-gnu/-/cli-linux-arm64-gnu-1.0.0-rc.10.tgz",
      "integrity": "sha512-usdftJI/Jx0Z6TK8YJaHp2BtcNlvHeIUOnh3SmThbbYzDSFDqEW2E/McbxEhJJ13FPLVMLiIZYPpH26gE3vQxw==",
      "cpu": [
        "arm64"
      ],
      "dev": true,
      "optional": true,
      "os": [
        "linux"
      ],
      "engines": {
        "node": ">= 10"
      }
    },
    "node_modules/@tauri-apps/cli-linux-arm64-musl": {
      "version": "1.0.0-rc.10",
      "resolved": "https://registry.npmjs.org/@tauri-apps/cli-linux-arm64-musl/-/cli-linux-arm64-musl-1.0.0-rc.10.tgz",
      "integrity": "sha512-zsOhkc477mbe5wSkNuLv+D6RmQvDiaV8rHTaur+B/pxk9F0SrCYoO0Slf6x08bIiSkjyL/gN0PxnOBbEBA0u4A==",
      "cpu": [
        "arm64"
      ],
      "dev": true,
      "optional": true,
      "os": [
        "linux"
      ],
      "engines": {
        "node": ">= 10"
      }
    },
    "node_modules/@tauri-apps/cli-linux-x64-gnu": {
      "version": "1.0.0-rc.10",
      "resolved": "https://registry.npmjs.org/@tauri-apps/cli-linux-x64-gnu/-/cli-linux-x64-gnu-1.0.0-rc.10.tgz",
      "integrity": "sha512-ongWuhXieKwW+xaYPshw/59xYbZVH6JNw+KRb/054VFnfZe/ZDYbN86mCJIlegOq9WAkdc0XSm1EEDx3i9FYCg==",
      "cpu": [
        "x64"
      ],
      "dev": true,
      "optional": true,
      "os": [
        "linux"
      ],
      "engines": {
        "node": ">= 10"
      }
    },
    "node_modules/@tauri-apps/cli-linux-x64-musl": {
      "version": "1.0.0-rc.10",
      "resolved": "https://registry.npmjs.org/@tauri-apps/cli-linux-x64-musl/-/cli-linux-x64-musl-1.0.0-rc.10.tgz",
      "integrity": "sha512-3AXJEdhFlX/erLBXmBkRG+oWfFLMMaJALSnxvzerteSNWiaEzTngy9Mo1yeAT51FhvJ+dbYQv0BWvPPFRYzpTQ==",
      "cpu": [
        "x64"
      ],
      "dev": true,
      "optional": true,
      "os": [
        "linux"
      ],
      "engines": {
        "node": ">= 10"
      }
    },
    "node_modules/@tauri-apps/cli-win32-ia32-msvc": {
      "version": "1.0.0-rc.10",
      "resolved": "https://registry.npmjs.org/@tauri-apps/cli-win32-ia32-msvc/-/cli-win32-ia32-msvc-1.0.0-rc.10.tgz",
      "integrity": "sha512-2SvSk9z51AfCsbch2fvX4GNo3s0b8TO/Kd9B6rDIZ7TUxwnGShJNup2+KGvBovKqFAPmgyrSbgyEMKhKc1B4iA==",
      "cpu": [
        "ia32"
      ],
      "dev": true,
      "optional": true,
      "os": [
        "win32"
      ],
      "engines": {
        "node": ">= 10"
      }
    },
    "node_modules/@tauri-apps/cli-win32-x64-msvc": {
      "version": "1.0.0-rc.10",
      "resolved": "https://registry.npmjs.org/@tauri-apps/cli-win32-x64-msvc/-/cli-win32-x64-msvc-1.0.0-rc.10.tgz",
      "integrity": "sha512-mijSjeQGBGh6rvpkrqsSiTB4vwGprAXoDCmnIxliZ1Md4GgLMh8jzIug1UKAUmmIW1nOaQ9C9xu4wQXyoRqWHg==",
      "cpu": [
        "x64"
      ],
      "dev": true,
      "optional": true,
      "os": [
        "win32"
      ],
      "engines": {
        "node": ">= 10"
      }
    },
    "node_modules/type-fest": {
      "version": "2.12.2",
      "resolved": "https://registry.npmjs.org/type-fest/-/type-fest-2.12.2.tgz",
      "integrity": "sha512-qt6ylCGpLjZ7AaODxbpyBZSs9fCI9SkL3Z9q2oxMBQhs/uyY+VD8jHA8ULCGmWQJlBgqvO3EJeAngOHD8zQCrQ==",
      "engines": {
        "node": ">=12.20"
      },
      "funding": {
        "url": "https://github.com/sponsors/sindresorhus"
      }
    }
  },
  "dependencies": {
    "@tauri-apps/api": {
      "version": "1.0.0-rc.5",
      "resolved": "https://registry.npmjs.org/@tauri-apps/api/-/api-1.0.0-rc.5.tgz",
      "integrity": "sha512-IiQg7pLByl/W3KRx9Whn1EWh9ZrBojkl9FAgCRJ4//e58var1WmNPHA92YC0i0DLSIF0JLLp0EQKRHJa+aaqlQ==",
      "requires": {
        "type-fest": "2.12.2"
      }
    },
    "@tauri-apps/cli": {
      "version": "1.0.0-rc.10",
      "resolved": "https://registry.npmjs.org/@tauri-apps/cli/-/cli-1.0.0-rc.10.tgz",
      "integrity": "sha512-njDei3F3mlnotnujUF0jWteZC39RCm6JNAxZpzTFvWKFI/650DoA9hHTMa6onbazVgmOWdrbMHYWU/xBC/jUTw==",
      "dev": true,
      "requires": {
        "@tauri-apps/cli-darwin-arm64": "1.0.0-rc.10",
        "@tauri-apps/cli-darwin-x64": "1.0.0-rc.10",
        "@tauri-apps/cli-linux-arm-gnueabihf": "1.0.0-rc.10",
        "@tauri-apps/cli-linux-arm64-gnu": "1.0.0-rc.10",
        "@tauri-apps/cli-linux-arm64-musl": "1.0.0-rc.10",
        "@tauri-apps/cli-linux-x64-gnu": "1.0.0-rc.10",
        "@tauri-apps/cli-linux-x64-musl": "1.0.0-rc.10",
        "@tauri-apps/cli-win32-ia32-msvc": "1.0.0-rc.10",
        "@tauri-apps/cli-win32-x64-msvc": "1.0.0-rc.10"
      }
    },
    "@tauri-apps/cli-darwin-arm64": {
      "version": "1.0.0-rc.10",
      "resolved": "https://registry.npmjs.org/@tauri-apps/cli-darwin-arm64/-/cli-darwin-arm64-1.0.0-rc.10.tgz",
      "integrity": "sha512-KwnAAsR+H/U9NPF2P3UvZ0orfh/e8ng639GCvQoN/7b/EYzkLXYWGFd1sddTSSu8BM4OvIVXK1B86pn1xFohyg==",
      "dev": true,
      "optional": true
    },
    "@tauri-apps/cli-darwin-x64": {
      "version": "1.0.0-rc.10",
      "resolved": "https://registry.npmjs.org/@tauri-apps/cli-darwin-x64/-/cli-darwin-x64-1.0.0-rc.10.tgz",
      "integrity": "sha512-xIH+UnZPofpx4n3aphu2SD45uPXtX3rlsI5aO0ANsDWN/esuAAwRnh+JR+NlmJXPKwy1BNz9pewczE5JO5BdqA==",
      "dev": true,
      "optional": true
    },
    "@tauri-apps/cli-linux-arm-gnueabihf": {
      "version": "1.0.0-rc.10",
      "resolved": "https://registry.npmjs.org/@tauri-apps/cli-linux-arm-gnueabihf/-/cli-linux-arm-gnueabihf-1.0.0-rc.10.tgz",
      "integrity": "sha512-j0cVDcP7MPyOh8mC6pTiOnsGgxMc4GFlQGBUvriRkWFCrUbZPbq1Pxt/eTcroVGsT/ItCXvnYd9jEQ+e50LI3A==",
      "dev": true,
      "optional": true
    },
    "@tauri-apps/cli-linux-arm64-gnu": {
      "version": "1.0.0-rc.10",
      "resolved": "https://registry.npmjs.org/@tauri-apps/cli-linux-arm64-gnu/-/cli-linux-arm64-gnu-1.0.0-rc.10.tgz",
      "integrity": "sha512-usdftJI/Jx0Z6TK8YJaHp2BtcNlvHeIUOnh3SmThbbYzDSFDqEW2E/McbxEhJJ13FPLVMLiIZYPpH26gE3vQxw==",
      "dev": true,
      "optional": true
    },
    "@tauri-apps/cli-linux-arm64-musl": {
      "version": "1.0.0-rc.10",
      "resolved": "https://registry.npmjs.org/@tauri-apps/cli-linux-arm64-musl/-/cli-linux-arm64-musl-1.0.0-rc.10.tgz",
      "integrity": "sha512-zsOhkc477mbe5wSkNuLv+D6RmQvDiaV8rHTaur+B/pxk9F0SrCYoO0Slf6x08bIiSkjyL/gN0PxnOBbEBA0u4A==",
      "dev": true,
      "optional": true
    },
    "@tauri-apps/cli-linux-x64-gnu": {
      "version": "1.0.0-rc.10",
      "resolved": "https://registry.npmjs.org/@tauri-apps/cli-linux-x64-gnu/-/cli-linux-x64-gnu-1.0.0-rc.10.tgz",
      "integrity": "sha512-ongWuhXieKwW+xaYPshw/59xYbZVH6JNw+KRb/054VFnfZe/ZDYbN86mCJIlegOq9WAkdc0XSm1EEDx3i9FYCg==",
      "dev": true,
      "optional": true
    },
    "@tauri-apps/cli-linux-x64-musl": {
      "version": "1.0.0-rc.10",
      "resolved": "https://registry.npmjs.org/@tauri-apps/cli-linux-x64-musl/-/cli-linux-x64-musl-1.0.0-rc.10.tgz",
      "integrity": "sha512-3AXJEdhFlX/erLBXmBkRG+oWfFLMMaJALSnxvzerteSNWiaEzTngy9Mo1yeAT51FhvJ+dbYQv0BWvPPFRYzpTQ==",
      "dev": true,
      "optional": true
    },
    "@tauri-apps/cli-win32-ia32-msvc": {
      "version": "1.0.0-rc.10",
      "resolved": "https://registry.npmjs.org/@tauri-apps/cli-win32-ia32-msvc/-/cli-win32-ia32-msvc-1.0.0-rc.10.tgz",
      "integrity": "sha512-2SvSk9z51AfCsbch2fvX4GNo3s0b8TO/Kd9B6rDIZ7TUxwnGShJNup2+KGvBovKqFAPmgyrSbgyEMKhKc1B4iA==",
      "dev": true,
      "optional": true
    },
    "@tauri-apps/cli-win32-x64-msvc": {
      "version": "1.0.0-rc.10",
      "resolved": "https://registry.npmjs.org/@tauri-apps/cli-win32-x64-msvc/-/cli-win32-x64-msvc-1.0.0-rc.10.tgz",
      "integrity": "sha512-mijSjeQGBGh6rvpkrqsSiTB4vwGprAXoDCmnIxliZ1Md4GgLMh8jzIug1UKAUmmIW1nOaQ9C9xu4wQXyoRqWHg==",
      "dev": true,
      "optional": true
    },
    "type-fest": {
      "version": "2.12.2",
      "resolved": "https://registry.npmjs.org/type-fest/-/type-fest-2.12.2.tgz",
      "integrity": "sha512-qt6ylCGpLjZ7AaODxbpyBZSs9fCI9SkL3Z9q2oxMBQhs/uyY+VD8jHA8ULCGmWQJlBgqvO3EJeAngOHD8zQCrQ=="
    }
  }
}
